
Microsoft Visual Studio Solution File, Format Version 12.00
# Visual Studio Version 17
VisualStudioVersion = 17.9.34607.119
MinimumVisualStudioVersion = 10.0.40219.1
Project("{2150E333-8FDC-42A3-9474-1A3956D46DE8}") = "Chapter01", "Chapter01", "{DD2E5152-8FD4-48BD-826D-2A71E0564FCC}"
EndProject
Project("{FAE04EC0-301F-11D3-BF4B-00C04F79EFBC}") = "ProductSample", "Chapter01\ProductSample\ProductSample.csproj", "{5B4125FD-6BF3-47AA-82F6-6711D0D4C398}"
EndProject
Project("{FAE04EC0-301F-11D3-BF4B-00C04F79EFBC}") = "Sample_p38", "Chapter01\Sample_p38\Sample_p38.csproj", "{D693F03A-C413-4437-B27B-C22FC4A61929}"
EndProject
Project("{2150E333-8FDC-42A3-9474-1A3956D46DE8}") = "Chapter02", "Chapter02", "{5F329CBF-E2AA-420F-A9D7-0127C7E075E6}"
EndProject
Project("{2150E333-8FDC-42A3-9474-1A3956D46DE8}") = "距離換算プログラム", "距離換算プログラム", "{766863C2-7882-497B-93DE-B5B0E7C7E5F8}"
EndProject
Project("{FAE04EC0-301F-11D3-BF4B-00C04F79EFBC}") = "DistanceConverter", "Chapter02\DistanceConverter\DistanceConverter.csproj", "{9EC4CFC4-1703-4F86-B245-DDE4953F7BC4}"
EndProject
Global
	GlobalSection(SolutionConfigurationPlatforms) = preSolution
		Debug|Any CPU = Debug|Any CPU
		Release|Any CPU = Release|Any CPU
	EndGlobalSection
	GlobalSection(ProjectConfigurationPlatforms) = postSolution
		{5B4125FD-6BF3-47AA-82F6-6711D0D4C398}.Debug|Any CPU.ActiveCfg = Debug|Any CPU
		{5B4125FD-6BF3-47AA-82F6-6711D0D4C398}.Debug|Any CPU.Build.0 = Debug|Any CPU
		{5B4125FD-6BF3-47AA-82F6-6711D0D4C398}.Release|Any CPU.ActiveCfg = Release|Any CPU
		{5B4125FD-6BF3-47AA-82F6-6711D0D4C398}.Release|Any CPU.Build.0 = Release|Any CPU
		{D693F03A-C413-4437-B27B-C22FC4A61929}.Debug|Any CPU.ActiveCfg = Debug|Any CPU
		{D693F03A-C413-4437-B27B-C22FC4A61929}.Debug|Any CPU.Build.0 = Debug|Any CPU
		{D693F03A-C413-4437-B27B-C22FC4A61929}.Release|Any CPU.ActiveCfg = Release|Any CPU
		{D693F03A-C413-4437-B27B-C22FC4A61929}.Release|Any CPU.Build.0 = Release|Any CPU
		{9EC4CFC4-1703-4F86-B245-DDE4953F7BC4}.Debug|Any CPU.ActiveCfg = Debug|Any CPU
		{9EC4CFC4-1703-4F86-B245-DDE4953F7BC4}.Debug|Any CPU.Build.0 = Debug|Any CPU
		{9EC4CFC4-1703-4F86-B245-DDE4953F7BC4}.Release|Any CPU.ActiveCfg = Release|Any CPU
		{9EC4CFC4-1703-4F86-B245-DDE4953F7BC4}.Release|Any CPU.Build.0 = Release|Any CPU
	EndGlobalSection
	GlobalSection(SolutionProperties) = preSolution
		HideSolutionNode = FALSE
	EndGlobalSection
	GlobalSection(NestedProjects) = preSolution
		{5B4125FD-6BF3-47AA-82F6-6711D0D4C398} = {DD2E5152-8FD4-48BD-826D-2A71E0564FCC}
		{D693F03A-C413-4437-B27B-C22FC4A61929} = {DD2E5152-8FD4-48BD-826D-2A71E0564FCC}
		{766863C2-7882-497B-93DE-B5B0E7C7E5F8} = {5F329CBF-E2AA-420F-A9D7-0127C7E075E6}
		{9EC4CFC4-1703-4F86-B245-DDE4953F7BC4} = {766863C2-7882-497B-93DE-B5B0E7C7E5F8}
	EndGlobalSection
	GlobalSection(ExtensibilityGlobals) = postSolution
		SolutionGuid = {A44D47AA-6067-4388-8A83-636FB27FF96A}
	EndGlobalSection
EndGlobal
