
Microsoft Visual Studio Solution File, Format Version 12.00
# Visual Studio Version 17
VisualStudioVersion = 17.9.34607.119
MinimumVisualStudioVersion = 10.0.40219.1
Project("{2150E333-8FDC-42A3-9474-1A3956D46DE8}") = "Chapter01", "Chapter01", "{DD2E5152-8FD4-48BD-826D-2A71E0564FCC}"
EndProject
Project("{FAE04EC0-301F-11D3-BF4B-00C04F79EFBC}") = "ProductSample", "Chapter01\ProductSample\ProductSample.csproj", "{5B4125FD-6BF3-47AA-82F6-6711D0D4C398}"
EndProject
Project("{FAE04EC0-301F-11D3-BF4B-00C04F79EFBC}") = "Sample_p38", "Chapter01\Sample_p38\Sample_p38.csproj", "{D693F03A-C413-4437-B27B-C22FC4A61929}"
EndProject
Project("{2150E333-8FDC-42A3-9474-1A3956D46DE8}") = "Chapter02", "Chapter02", "{5F329CBF-E2AA-420F-A9D7-0127C7E075E6}"
EndProject
Project("{2150E333-8FDC-42A3-9474-1A3956D46DE8}") = "距離換算プログラム", "距離換算プログラム", "{766863C2-7882-497B-93DE-B5B0E7C7E5F8}"
EndProject
Project("{FAE04EC0-301F-11D3-BF4B-00C04F79EFBC}") = "DistanceConverter", "Chapter02\DistanceConverter\DistanceConverter.csproj", "{9EC4CFC4-1703-4F86-B245-DDE4953F7BC4}"
EndProject
Project("{2150E333-8FDC-42A3-9474-1A3956D46DE8}") = "売り上げ集計プログラム", "売り上げ集計プログラム", "{841942C2-2106-4C90-AD2A-8052B0931FD2}"
EndProject
Project("{FAE04EC0-301F-11D3-BF4B-00C04F79EFBC}") = "SalesCounter", "Chapter02\SalesCounter\SalesCounter.csproj", "{D02E2987-9BF9-4014-8295-DD32E8D5E3D5}"
EndProject
Project("{2150E333-8FDC-42A3-9474-1A3956D46DE8}") = "#演習問題", "#演習問題", "{22C4BCC9-B446-4D79-B292-A60040E7BC40}"
EndProject
Project("{FAE04EC0-301F-11D3-BF4B-00C04F79EFBC}") = "Exercise1", "Chapter02\演習問題\Exercise1\Exercise1.csproj", "{62228BED-C58E-4AED-9768-DDB4D6C8BA6C}"
EndProject
Project("{FAE04EC0-301F-11D3-BF4B-00C04F79EFBC}") = "Exercize2", "Chapter02\演習問題\Exercize2\Exercize2.csproj", "{178D7AC5-4B82-48F2-84F3-41DDB2A7DF80}"
EndProject
Project("{2150E333-8FDC-42A3-9474-1A3956D46DE8}") = "FormApps", "FormApps", "{2F64A0C8-F8B2-43BE-BECE-35677B0CCC3E}"
EndProject
Project("{9A19103F-16F7-4668-BE54-9A1E7A4F7556}") = "BallApp", "FormApps\BallApp\BallApp.csproj", "{DA5D250A-F528-4100-93DE-4B7DC833D32A}"
EndProject
Project("{2150E333-8FDC-42A3-9474-1A3956D46DE8}") = "Chapter03", "Chapter03", "{EB8CA530-95BE-4FCA-BA03-E70030D990CB}"
EndProject
Project("{FAE04EC0-301F-11D3-BF4B-00C04F79EFBC}") = "Section01", "Chapter03\Section01\Section01.csproj", "{9B9D6BA2-597A-4BFB-92FD-E58B6FD15DEE}"
EndProject
Project("{2150E333-8FDC-42A3-9474-1A3956D46DE8}") = "演習問題", "演習問題", "{9EE2CC1F-C825-483F-B703-32D57DE438FF}"
EndProject
Project("{FAE04EC0-301F-11D3-BF4B-00C04F79EFBC}") = "Exercise01", "Chapter03\演習問題\Exercise01\Exercise01.csproj", "{F6651822-B2D6-4B23-AA63-3CF03FEC13E8}"
EndProject
Project("{FAE04EC0-301F-11D3-BF4B-00C04F79EFBC}") = "Exercise02", "Chapter03\演習問題\Exercise02\Exercise02.csproj", "{A3DBA502-A9F5-49C1-8054-02C2D7C07098}"
EndProject
Project("{2150E333-8FDC-42A3-9474-1A3956D46DE8}") = "Chapter04", "Chapter04", "{23500F09-1B08-4772-BBE3-3E7C3F0AB408}"
EndProject
Project("{FAE04EC0-301F-11D3-BF4B-00C04F79EFBC}") = "Section01", "Chapter04\Section01\Section01.csproj", "{96E74A2A-FFD6-490D-86D9-86097C80FD30}"
EndProject
Project("{2150E333-8FDC-42A3-9474-1A3956D46DE8}") = "演習問題", "演習問題", "{DD3557B1-5121-45CE-AE2D-E5AE59A1878B}"
EndProject
Project("{FAE04EC0-301F-11D3-BF4B-00C04F79EFBC}") = "Exercise01", "Chapter04\演習問題\Exercise01\Exercise01.csproj", "{2928E707-53D2-4E61-861F-4477F9965A60}"
EndProject
Project("{FAE04EC0-301F-11D3-BF4B-00C04F79EFBC}") = "Exercise02", "Chapter04\演習問題\Exercise02\Exercise02.csproj", "{FB827BBE-5C39-411F-8203-F11AF2E4BFB4}"
EndProject
Project("{2150E333-8FDC-42A3-9474-1A3956D46DE8}") = "Chapter05", "Chapter05", "{8A8D7F7C-C544-436B-AD34-F5CAB287AF5C}"
EndProject
Project("{2150E333-8FDC-42A3-9474-1A3956D46DE8}") = "演習問題", "演習問題", "{8158689A-937C-418B-812E-B60D20E3BA1B}"
EndProject
Project("{FAE04EC0-301F-11D3-BF4B-00C04F79EFBC}") = "Exercise01", "Chapter05\演習問題\Exercise01\Exercise01.csproj", "{2B5A4D96-7C93-4C5A-AE2E-E9C76EC6FBE5}"
EndProject
Project("{FAE04EC0-301F-11D3-BF4B-00C04F79EFBC}") = "Exercise02", "Chapter05\演習問題\Exercise02\Exercise02.csproj", "{A3F3FB0C-D0D8-4DD7-B7B8-52B3F69E0D90}"
EndProject
Project("{FAE04EC0-301F-11D3-BF4B-00C04F79EFBC}") = "Exercise03", "Chapter05\演習問題\Exercise03\Exercise03.csproj", "{B2012E76-8185-4509-8531-C2F59C6C46F4}"
EndProject
Project("{FAE04EC0-301F-11D3-BF4B-00C04F79EFBC}") = "Exercise04", "Chapter05\演習問題\Exercise04\Exercise04.csproj", "{7A0F6D94-E2D2-45DC-B3AD-28FE49C28CAC}"
EndProject
Project("{2150E333-8FDC-42A3-9474-1A3956D46DE8}") = "Chapter06", "Chapter06", "{54B8E573-FCF2-43B9-B15F-4D481CA7363B}"
EndProject
Project("{FAE04EC0-301F-11D3-BF4B-00C04F79EFBC}") = "Section01", "Chapter06\Section01\Section01.csproj", "{40C3EAA0-7F63-4184-8890-3FD743EB8D9F}"
EndProject
Project("{2150E333-8FDC-42A3-9474-1A3956D46DE8}") = "演習問題", "演習問題", "{2B144791-2359-44FC-BB93-72891A221DC8}"
EndProject
Project("{FAE04EC0-301F-11D3-BF4B-00C04F79EFBC}") = "Exercise01", "Chapter06\演習問題\Exercise01\Exercise01.csproj", "{7A8A9CFE-CE68-4DB7-8580-814CF1CAE633}"
EndProject
Project("{FAE04EC0-301F-11D3-BF4B-00C04F79EFBC}") = "Exercise02", "Chapter06\演習問題\Exercise02\Exercise02.csproj", "{B5EA9CB6-899A-4112-A75C-DD1B4AF805AD}"
EndProject
Project("{2150E333-8FDC-42A3-9474-1A3956D46DE8}") = "Chapter07", "Chapter07", "{3F923F52-D239-4B26-908B-06B930F38DF3}"
EndProject
Project("{FAE04EC0-301F-11D3-BF4B-00C04F79EFBC}") = "Section01", "Chapter07\Section01\Section01.csproj", "{B8070EE0-B01C-4E58-A2C6-51CA8382CA3E}"
EndProject
Project("{FAE04EC0-301F-11D3-BF4B-00C04F79EFBC}") = "Section02", "Chapter07\Section02\Section02.csproj", "{9CFF6D0F-622A-4C61-8BEE-830A01939081}"
EndProject
Project("{2150E333-8FDC-42A3-9474-1A3956D46DE8}") = "Test2406", "Test2406", "{C933F194-EB0D-4766-8814-BF23400E42E6}"
EndProject
Project("{FAE04EC0-301F-11D3-BF4B-00C04F79EFBC}") = "Test01", "TestProject\Test01\Test01.csproj", "{2BFACDC3-F44D-4199-8498-F5C3C4AC0335}"
EndProject
Project("{FAE04EC0-301F-11D3-BF4B-00C04F79EFBC}") = "Test02", "TestProject\Test02\Test02.csproj", "{E461C0A8-8900-485C-B520-E929BA33F712}"
EndProject
Project("{2150E333-8FDC-42A3-9474-1A3956D46DE8}") = "Chapter08", "Chapter08", "{3405D687-6FE6-4805-924D-AA1CD4B5E80C}"
EndProject
Project("{FAE04EC0-301F-11D3-BF4B-00C04F79EFBC}") = "Section03", "Chapter07\Section03\Section03.csproj", "{01694260-4781-4ECA-B349-1C9B99363FB1}"
EndProject
Project("{FAE04EC0-301F-11D3-BF4B-00C04F79EFBC}") = "Section04", "Chapter07\Section04\Section04.csproj", "{31B71D12-CC5C-4C5F-995C-B35248845268}"
EndProject
Project("{FAE04EC0-301F-11D3-BF4B-00C04F79EFBC}") = "Section01", "Chapter08\Section01\Section01.csproj", "{8BCCC44E-02FF-4AD8-9ABA-632BB9BE1D7C}"
EndProject
Project("{9A19103F-16F7-4668-BE54-9A1E7A4F7556}") = "DateTimeApp", "FormApps\DateTimeApp\DateTimeApp.csproj", "{E88F1D34-5693-47B7-B728-81E2F64587FA}"
EndProject
Project("{2150E333-8FDC-42A3-9474-1A3956D46DE8}") = "演習問題", "演習問題", "{5E9A9802-86FC-4A36-87CF-EE57C128570E}"
EndProject
Project("{9A19103F-16F7-4668-BE54-9A1E7A4F7556}") = "Exercise01", "Chapter08\演習問題\Exercise01\Exercise01.csproj", "{F4812BF0-3A29-4C6C-9EB3-982BC3369C7E}"
EndProject
Project("{9A19103F-16F7-4668-BE54-9A1E7A4F7556}") = "CarReportSystem", "FormApps\CarReportSystem\CarReportSystem.csproj", "{A2628354-2015-4310-B221-9930C2039043}"
EndProject
Project("{2150E333-8FDC-42A3-9474-1A3956D46DE8}") = "Chapter11", "Chapter11", "{DCB40600-5547-4CA7-8990-2464A5359832}"
EndProject
Project("{FAE04EC0-301F-11D3-BF4B-00C04F79EFBC}") = "Section01", "Chapter11\Section01\Section01.csproj", "{6949D3A6-9BCD-47EE-9BBC-DA958417CBCE}"
EndProject
Project("{2150E333-8FDC-42A3-9474-1A3956D46DE8}") = "演習問題", "演習問題", "{3A300F06-1E65-4E46-8422-52802FDA1FA8}"
EndProject
Project("{FAE04EC0-301F-11D3-BF4B-00C04F79EFBC}") = "Exercise01", "Chapter11\演習問題\Exercise01\Exercise01.csproj", "{738ADC43-7BB4-4C49-8321-FF5013381BB8}"
EndProject
Project("{FAE04EC0-301F-11D3-BF4B-00C04F79EFBC}") = "Section02", "Chapter11\Section02\Section02.csproj", "{AC67294B-D891-4229-929F-396CFF91543C}"
EndProject
Project("{2150E333-8FDC-42A3-9474-1A3956D46DE8}") = "Chapter12", "Chapter12", "{39B143BD-5372-4F2C-A60E-65BE8AAE0D4F}"
EndProject
Project("{FAE04EC0-301F-11D3-BF4B-00C04F79EFBC}") = "Section01", "Chapter12\Section01\Section01.csproj", "{81DE4459-0053-46EB-B2BC-6266DEA9DE17}"
EndProject
Project("{2150E333-8FDC-42A3-9474-1A3956D46DE8}") = "演習問題", "演習問題", "{B2623CB9-1D19-43F6-85C5-3C7B8913D0C4}"
EndProject
Project("{FAE04EC0-301F-11D3-BF4B-00C04F79EFBC}") = "Exercise01", "Chapter12\演習問題\Exercise01\Exercise01.csproj", "{D99EC11A-0DBC-467E-8556-E505CF678A76}"
EndProject
Project("{FAE04EC0-301F-11D3-BF4B-00C04F79EFBC}") = "Section02", "Chapter12\Section02\Section02.csproj", "{737AFDA9-958C-4236-AED5-EAB1EEAD68EF}"
EndProject
Project("{FAE04EC0-301F-11D3-BF4B-00C04F79EFBC}") = "RssReader", "FormApps\RssReader\RssReader.csproj", "{0052AF27-E915-4DB5-90A3-0AA224803174}"
EndProject
Project("{2150E333-8FDC-42A3-9474-1A3956D46DE8}") = "Chapter13", "Chapter13", "{0A458736-85FD-4FF6-BE86-E734B59F47E6}"
EndProject
Project("{FAE04EC0-301F-11D3-BF4B-00C04F79EFBC}") = "SampleEntityFramework", "Chapter13\SampleEntityFramework\SampleEntityFramework.csproj", "{0D18A0B6-7E89-4204-AF47-17D405378170}"
EndProject
Project("{FAE04EC0-301F-11D3-BF4B-00C04F79EFBC}") = "ADOSample", "FormApps\ADOSample\ADOSample.csproj", "{708EEC8D-AED4-48FC-92E1-189676B1D4C9}"
EndProject
Project("{2150E333-8FDC-42A3-9474-1A3956D46DE8}") = "Chapter15", "Chapter15", "{A0918D89-ECF1-434B-913E-BB2B3C4282FE}"
EndProject
Project("{FAE04EC0-301F-11D3-BF4B-00C04F79EFBC}") = "Section01", "Chapter15\Section01\Section01.csproj", "{B576CA0D-35CC-4F9D-854F-DDB04676D9F5}"
EndProject
Project("{2150E333-8FDC-42A3-9474-1A3956D46DE8}") = "演習問題", "演習問題", "{30B2815F-3C97-4E68-9BBC-44C82E8CDDA6}"
EndProject
Project("{FAE04EC0-301F-11D3-BF4B-00C04F79EFBC}") = "Exercise01", "Chapter15\演習問題\Exercise01\Exercise01.csproj", "{5FC9D3D2-FDE5-4959-B25F-CACF61DA3B42}"
EndProject
Project("{2150E333-8FDC-42A3-9474-1A3956D46DE8}") = "Chapter16", "Chapter16", "{1668E5A1-895D-41F6-948E-382BCE2EE6DF}"
EndProject
Project("{FAE04EC0-301F-11D3-BF4B-00C04F79EFBC}") = "Section03", "Chapter16\Section03\Section03.csproj", "{25484319-33EF-4E1C-8068-4CAEB902DC16}"
EndProject
Project("{FAE04EC0-301F-11D3-BF4B-00C04F79EFBC}") = "Section04", "Chapter16\Section04\Section04.csproj", "{0AABF023-E8CA-4CE2-9B03-BA92B3861BE0}"
EndProject
Project("{2150E333-8FDC-42A3-9474-1A3956D46DE8}") = "Chapter17", "Chapter17", "{F8E032EB-1C14-4A27-B188-4A769ACE1510}"
EndProject
Project("{FAE04EC0-301F-11D3-BF4B-00C04F79EFBC}") = "Section01", "Chapter17\Section01\Section01.csproj", "{898AA5A5-F276-4E4C-8F2E-B55392E6D795}"
EndProject
Project("{FAE04EC0-301F-11D3-BF4B-00C04F79EFBC}") = "Section02", "Chapter17\Section02\Section02.csproj", "{9BA83A92-7C33-4597-9EA2-B5437075D5EA}"
EndProject
Project("{2150E333-8FDC-42A3-9474-1A3956D46DE8}") = "TemplateMethod", "TemplateMethod", "{B44CA5A2-D0F7-42F7-B838-AE44C991E54C}"
EndProject
Project("{FAE04EC0-301F-11D3-BF4B-00C04F79EFBC}") = "TextFileProcessor", "Chapter17\TemplateMethod\TextFileProcessor\TextFileProcessor.csproj", "{7EA603EC-7D03-4517-907A-F928D7F18894}"
EndProject
Project("{FAE04EC0-301F-11D3-BF4B-00C04F79EFBC}") = "LineCounter", "Chapter17\TemplateMethod\LineCounter\LineCounter.csproj", "{7C69F238-501E-4BCF-A5B7-697AEDB1FE67}"
EndProject
Project("{2150E333-8FDC-42A3-9474-1A3956D46DE8}") = "Strategy", "Strategy", "{920B42FE-9B3F-4062-AC02-000D84F5042D}"
EndProject
Project("{FAE04EC0-301F-11D3-BF4B-00C04F79EFBC}") = "DistanceConverter", "Chapter17\Strategy\DistanceConverter\DistanceConverter.csproj", "{CB55E1B3-9ECF-4667-AAC5-AF979756536F}"
EndProject
Project("{FAE04EC0-301F-11D3-BF4B-00C04F79EFBC}") = "TextNumberSizeChange", "Chapter17\TemplateMethod\TextNumberSizeChange\TextNumberSizeChange.csproj", "{5DCF7E5F-166B-42B5-B4CC-56C2F99A1998}"
EndProject
Project("{2150E333-8FDC-42A3-9474-1A3956D46DE8}") = "WPF", "WPF", "{3FF0290E-4509-4A0C-9F4A-6A14016B1958}"
EndProject
Project("{FAE04EC0-301F-11D3-BF4B-00C04F79EFBC}") = "SampleApplication", "WPF\SampleApplication\SampleApplication.csproj", "{26205118-11BD-41B5-AB16-F1375AF632DC}"
EndProject
Project("{FAE04EC0-301F-11D3-BF4B-00C04F79EFBC}") = "GridSample", "WPF\GridSample\GridSample.csproj", "{6451947C-C2B8-4138-9F6C-3439A5F0AA07}"
EndProject
Global
	GlobalSection(SolutionConfigurationPlatforms) = preSolution
		Debug|Any CPU = Debug|Any CPU
		Release|Any CPU = Release|Any CPU
	EndGlobalSection
	GlobalSection(ProjectConfigurationPlatforms) = postSolution
		{5B4125FD-6BF3-47AA-82F6-6711D0D4C398}.Debug|Any CPU.ActiveCfg = Debug|Any CPU
		{5B4125FD-6BF3-47AA-82F6-6711D0D4C398}.Debug|Any CPU.Build.0 = Debug|Any CPU
		{5B4125FD-6BF3-47AA-82F6-6711D0D4C398}.Release|Any CPU.ActiveCfg = Release|Any CPU
		{5B4125FD-6BF3-47AA-82F6-6711D0D4C398}.Release|Any CPU.Build.0 = Release|Any CPU
		{D693F03A-C413-4437-B27B-C22FC4A61929}.Debug|Any CPU.ActiveCfg = Debug|Any CPU
		{D693F03A-C413-4437-B27B-C22FC4A61929}.Debug|Any CPU.Build.0 = Debug|Any CPU
		{D693F03A-C413-4437-B27B-C22FC4A61929}.Release|Any CPU.ActiveCfg = Release|Any CPU
		{D693F03A-C413-4437-B27B-C22FC4A61929}.Release|Any CPU.Build.0 = Release|Any CPU
		{9EC4CFC4-1703-4F86-B245-DDE4953F7BC4}.Debug|Any CPU.ActiveCfg = Debug|Any CPU
		{9EC4CFC4-1703-4F86-B245-DDE4953F7BC4}.Debug|Any CPU.Build.0 = Debug|Any CPU
		{9EC4CFC4-1703-4F86-B245-DDE4953F7BC4}.Release|Any CPU.ActiveCfg = Release|Any CPU
		{9EC4CFC4-1703-4F86-B245-DDE4953F7BC4}.Release|Any CPU.Build.0 = Release|Any CPU
		{D02E2987-9BF9-4014-8295-DD32E8D5E3D5}.Debug|Any CPU.ActiveCfg = Debug|Any CPU
		{D02E2987-9BF9-4014-8295-DD32E8D5E3D5}.Debug|Any CPU.Build.0 = Debug|Any CPU
		{D02E2987-9BF9-4014-8295-DD32E8D5E3D5}.Release|Any CPU.ActiveCfg = Release|Any CPU
		{D02E2987-9BF9-4014-8295-DD32E8D5E3D5}.Release|Any CPU.Build.0 = Release|Any CPU
		{62228BED-C58E-4AED-9768-DDB4D6C8BA6C}.Debug|Any CPU.ActiveCfg = Debug|Any CPU
		{62228BED-C58E-4AED-9768-DDB4D6C8BA6C}.Debug|Any CPU.Build.0 = Debug|Any CPU
		{62228BED-C58E-4AED-9768-DDB4D6C8BA6C}.Release|Any CPU.ActiveCfg = Release|Any CPU
		{62228BED-C58E-4AED-9768-DDB4D6C8BA6C}.Release|Any CPU.Build.0 = Release|Any CPU
		{178D7AC5-4B82-48F2-84F3-41DDB2A7DF80}.Debug|Any CPU.ActiveCfg = Debug|Any CPU
		{178D7AC5-4B82-48F2-84F3-41DDB2A7DF80}.Debug|Any CPU.Build.0 = Debug|Any CPU
		{178D7AC5-4B82-48F2-84F3-41DDB2A7DF80}.Release|Any CPU.ActiveCfg = Release|Any CPU
		{178D7AC5-4B82-48F2-84F3-41DDB2A7DF80}.Release|Any CPU.Build.0 = Release|Any CPU
		{DA5D250A-F528-4100-93DE-4B7DC833D32A}.Debug|Any CPU.ActiveCfg = Debug|Any CPU
		{DA5D250A-F528-4100-93DE-4B7DC833D32A}.Debug|Any CPU.Build.0 = Debug|Any CPU
		{DA5D250A-F528-4100-93DE-4B7DC833D32A}.Release|Any CPU.ActiveCfg = Release|Any CPU
		{DA5D250A-F528-4100-93DE-4B7DC833D32A}.Release|Any CPU.Build.0 = Release|Any CPU
		{9B9D6BA2-597A-4BFB-92FD-E58B6FD15DEE}.Debug|Any CPU.ActiveCfg = Debug|Any CPU
		{9B9D6BA2-597A-4BFB-92FD-E58B6FD15DEE}.Debug|Any CPU.Build.0 = Debug|Any CPU
		{9B9D6BA2-597A-4BFB-92FD-E58B6FD15DEE}.Release|Any CPU.ActiveCfg = Release|Any CPU
		{9B9D6BA2-597A-4BFB-92FD-E58B6FD15DEE}.Release|Any CPU.Build.0 = Release|Any CPU
		{F6651822-B2D6-4B23-AA63-3CF03FEC13E8}.Debug|Any CPU.ActiveCfg = Debug|Any CPU
		{F6651822-B2D6-4B23-AA63-3CF03FEC13E8}.Debug|Any CPU.Build.0 = Debug|Any CPU
		{F6651822-B2D6-4B23-AA63-3CF03FEC13E8}.Release|Any CPU.ActiveCfg = Release|Any CPU
		{F6651822-B2D6-4B23-AA63-3CF03FEC13E8}.Release|Any CPU.Build.0 = Release|Any CPU
		{A3DBA502-A9F5-49C1-8054-02C2D7C07098}.Debug|Any CPU.ActiveCfg = Debug|Any CPU
		{A3DBA502-A9F5-49C1-8054-02C2D7C07098}.Debug|Any CPU.Build.0 = Debug|Any CPU
		{A3DBA502-A9F5-49C1-8054-02C2D7C07098}.Release|Any CPU.ActiveCfg = Release|Any CPU
		{A3DBA502-A9F5-49C1-8054-02C2D7C07098}.Release|Any CPU.Build.0 = Release|Any CPU
		{96E74A2A-FFD6-490D-86D9-86097C80FD30}.Debug|Any CPU.ActiveCfg = Debug|Any CPU
		{96E74A2A-FFD6-490D-86D9-86097C80FD30}.Debug|Any CPU.Build.0 = Debug|Any CPU
		{96E74A2A-FFD6-490D-86D9-86097C80FD30}.Release|Any CPU.ActiveCfg = Release|Any CPU
		{96E74A2A-FFD6-490D-86D9-86097C80FD30}.Release|Any CPU.Build.0 = Release|Any CPU
		{2928E707-53D2-4E61-861F-4477F9965A60}.Debug|Any CPU.ActiveCfg = Debug|Any CPU
		{2928E707-53D2-4E61-861F-4477F9965A60}.Debug|Any CPU.Build.0 = Debug|Any CPU
		{2928E707-53D2-4E61-861F-4477F9965A60}.Release|Any CPU.ActiveCfg = Release|Any CPU
		{2928E707-53D2-4E61-861F-4477F9965A60}.Release|Any CPU.Build.0 = Release|Any CPU
		{FB827BBE-5C39-411F-8203-F11AF2E4BFB4}.Debug|Any CPU.ActiveCfg = Debug|Any CPU
		{FB827BBE-5C39-411F-8203-F11AF2E4BFB4}.Debug|Any CPU.Build.0 = Debug|Any CPU
		{FB827BBE-5C39-411F-8203-F11AF2E4BFB4}.Release|Any CPU.ActiveCfg = Release|Any CPU
		{FB827BBE-5C39-411F-8203-F11AF2E4BFB4}.Release|Any CPU.Build.0 = Release|Any CPU
		{2B5A4D96-7C93-4C5A-AE2E-E9C76EC6FBE5}.Debug|Any CPU.ActiveCfg = Debug|Any CPU
		{2B5A4D96-7C93-4C5A-AE2E-E9C76EC6FBE5}.Debug|Any CPU.Build.0 = Debug|Any CPU
		{2B5A4D96-7C93-4C5A-AE2E-E9C76EC6FBE5}.Release|Any CPU.ActiveCfg = Release|Any CPU
		{2B5A4D96-7C93-4C5A-AE2E-E9C76EC6FBE5}.Release|Any CPU.Build.0 = Release|Any CPU
		{A3F3FB0C-D0D8-4DD7-B7B8-52B3F69E0D90}.Debug|Any CPU.ActiveCfg = Debug|Any CPU
		{A3F3FB0C-D0D8-4DD7-B7B8-52B3F69E0D90}.Debug|Any CPU.Build.0 = Debug|Any CPU
		{A3F3FB0C-D0D8-4DD7-B7B8-52B3F69E0D90}.Release|Any CPU.ActiveCfg = Release|Any CPU
		{A3F3FB0C-D0D8-4DD7-B7B8-52B3F69E0D90}.Release|Any CPU.Build.0 = Release|Any CPU
		{B2012E76-8185-4509-8531-C2F59C6C46F4}.Debug|Any CPU.ActiveCfg = Debug|Any CPU
		{B2012E76-8185-4509-8531-C2F59C6C46F4}.Debug|Any CPU.Build.0 = Debug|Any CPU
		{B2012E76-8185-4509-8531-C2F59C6C46F4}.Release|Any CPU.ActiveCfg = Release|Any CPU
		{B2012E76-8185-4509-8531-C2F59C6C46F4}.Release|Any CPU.Build.0 = Release|Any CPU
		{7A0F6D94-E2D2-45DC-B3AD-28FE49C28CAC}.Debug|Any CPU.ActiveCfg = Debug|Any CPU
		{7A0F6D94-E2D2-45DC-B3AD-28FE49C28CAC}.Debug|Any CPU.Build.0 = Debug|Any CPU
		{7A0F6D94-E2D2-45DC-B3AD-28FE49C28CAC}.Release|Any CPU.ActiveCfg = Release|Any CPU
		{7A0F6D94-E2D2-45DC-B3AD-28FE49C28CAC}.Release|Any CPU.Build.0 = Release|Any CPU
		{40C3EAA0-7F63-4184-8890-3FD743EB8D9F}.Debug|Any CPU.ActiveCfg = Debug|Any CPU
		{40C3EAA0-7F63-4184-8890-3FD743EB8D9F}.Debug|Any CPU.Build.0 = Debug|Any CPU
		{40C3EAA0-7F63-4184-8890-3FD743EB8D9F}.Release|Any CPU.ActiveCfg = Release|Any CPU
		{40C3EAA0-7F63-4184-8890-3FD743EB8D9F}.Release|Any CPU.Build.0 = Release|Any CPU
		{7A8A9CFE-CE68-4DB7-8580-814CF1CAE633}.Debug|Any CPU.ActiveCfg = Debug|Any CPU
		{7A8A9CFE-CE68-4DB7-8580-814CF1CAE633}.Debug|Any CPU.Build.0 = Debug|Any CPU
		{7A8A9CFE-CE68-4DB7-8580-814CF1CAE633}.Release|Any CPU.ActiveCfg = Release|Any CPU
		{7A8A9CFE-CE68-4DB7-8580-814CF1CAE633}.Release|Any CPU.Build.0 = Release|Any CPU
		{B5EA9CB6-899A-4112-A75C-DD1B4AF805AD}.Debug|Any CPU.ActiveCfg = Debug|Any CPU
		{B5EA9CB6-899A-4112-A75C-DD1B4AF805AD}.Debug|Any CPU.Build.0 = Debug|Any CPU
		{B5EA9CB6-899A-4112-A75C-DD1B4AF805AD}.Release|Any CPU.ActiveCfg = Release|Any CPU
		{B5EA9CB6-899A-4112-A75C-DD1B4AF805AD}.Release|Any CPU.Build.0 = Release|Any CPU
		{B8070EE0-B01C-4E58-A2C6-51CA8382CA3E}.Debug|Any CPU.ActiveCfg = Debug|Any CPU
		{B8070EE0-B01C-4E58-A2C6-51CA8382CA3E}.Debug|Any CPU.Build.0 = Debug|Any CPU
		{B8070EE0-B01C-4E58-A2C6-51CA8382CA3E}.Release|Any CPU.ActiveCfg = Release|Any CPU
		{B8070EE0-B01C-4E58-A2C6-51CA8382CA3E}.Release|Any CPU.Build.0 = Release|Any CPU
		{9CFF6D0F-622A-4C61-8BEE-830A01939081}.Debug|Any CPU.ActiveCfg = Debug|Any CPU
		{9CFF6D0F-622A-4C61-8BEE-830A01939081}.Debug|Any CPU.Build.0 = Debug|Any CPU
		{9CFF6D0F-622A-4C61-8BEE-830A01939081}.Release|Any CPU.ActiveCfg = Release|Any CPU
		{9CFF6D0F-622A-4C61-8BEE-830A01939081}.Release|Any CPU.Build.0 = Release|Any CPU
		{2BFACDC3-F44D-4199-8498-F5C3C4AC0335}.Debug|Any CPU.ActiveCfg = Debug|Any CPU
		{2BFACDC3-F44D-4199-8498-F5C3C4AC0335}.Debug|Any CPU.Build.0 = Debug|Any CPU
		{2BFACDC3-F44D-4199-8498-F5C3C4AC0335}.Release|Any CPU.ActiveCfg = Release|Any CPU
		{2BFACDC3-F44D-4199-8498-F5C3C4AC0335}.Release|Any CPU.Build.0 = Release|Any CPU
		{E461C0A8-8900-485C-B520-E929BA33F712}.Debug|Any CPU.ActiveCfg = Debug|Any CPU
		{E461C0A8-8900-485C-B520-E929BA33F712}.Debug|Any CPU.Build.0 = Debug|Any CPU
		{E461C0A8-8900-485C-B520-E929BA33F712}.Release|Any CPU.ActiveCfg = Release|Any CPU
		{E461C0A8-8900-485C-B520-E929BA33F712}.Release|Any CPU.Build.0 = Release|Any CPU
		{01694260-4781-4ECA-B349-1C9B99363FB1}.Debug|Any CPU.ActiveCfg = Debug|Any CPU
		{01694260-4781-4ECA-B349-1C9B99363FB1}.Debug|Any CPU.Build.0 = Debug|Any CPU
		{01694260-4781-4ECA-B349-1C9B99363FB1}.Release|Any CPU.ActiveCfg = Release|Any CPU
		{01694260-4781-4ECA-B349-1C9B99363FB1}.Release|Any CPU.Build.0 = Release|Any CPU
		{31B71D12-CC5C-4C5F-995C-B35248845268}.Debug|Any CPU.ActiveCfg = Debug|Any CPU
		{31B71D12-CC5C-4C5F-995C-B35248845268}.Debug|Any CPU.Build.0 = Debug|Any CPU
		{31B71D12-CC5C-4C5F-995C-B35248845268}.Release|Any CPU.ActiveCfg = Release|Any CPU
		{31B71D12-CC5C-4C5F-995C-B35248845268}.Release|Any CPU.Build.0 = Release|Any CPU
		{8BCCC44E-02FF-4AD8-9ABA-632BB9BE1D7C}.Debug|Any CPU.ActiveCfg = Debug|Any CPU
		{8BCCC44E-02FF-4AD8-9ABA-632BB9BE1D7C}.Debug|Any CPU.Build.0 = Debug|Any CPU
		{8BCCC44E-02FF-4AD8-9ABA-632BB9BE1D7C}.Release|Any CPU.ActiveCfg = Release|Any CPU
		{8BCCC44E-02FF-4AD8-9ABA-632BB9BE1D7C}.Release|Any CPU.Build.0 = Release|Any CPU
		{E88F1D34-5693-47B7-B728-81E2F64587FA}.Debug|Any CPU.ActiveCfg = Debug|Any CPU
		{E88F1D34-5693-47B7-B728-81E2F64587FA}.Debug|Any CPU.Build.0 = Debug|Any CPU
		{E88F1D34-5693-47B7-B728-81E2F64587FA}.Release|Any CPU.ActiveCfg = Release|Any CPU
		{E88F1D34-5693-47B7-B728-81E2F64587FA}.Release|Any CPU.Build.0 = Release|Any CPU
		{F4812BF0-3A29-4C6C-9EB3-982BC3369C7E}.Debug|Any CPU.ActiveCfg = Debug|Any CPU
		{F4812BF0-3A29-4C6C-9EB3-982BC3369C7E}.Debug|Any CPU.Build.0 = Debug|Any CPU
		{F4812BF0-3A29-4C6C-9EB3-982BC3369C7E}.Release|Any CPU.ActiveCfg = Release|Any CPU
		{F4812BF0-3A29-4C6C-9EB3-982BC3369C7E}.Release|Any CPU.Build.0 = Release|Any CPU
		{A2628354-2015-4310-B221-9930C2039043}.Debug|Any CPU.ActiveCfg = Debug|Any CPU
		{A2628354-2015-4310-B221-9930C2039043}.Debug|Any CPU.Build.0 = Debug|Any CPU
		{A2628354-2015-4310-B221-9930C2039043}.Release|Any CPU.ActiveCfg = Release|Any CPU
		{A2628354-2015-4310-B221-9930C2039043}.Release|Any CPU.Build.0 = Release|Any CPU
		{6949D3A6-9BCD-47EE-9BBC-DA958417CBCE}.Debug|Any CPU.ActiveCfg = Debug|Any CPU
		{6949D3A6-9BCD-47EE-9BBC-DA958417CBCE}.Debug|Any CPU.Build.0 = Debug|Any CPU
		{6949D3A6-9BCD-47EE-9BBC-DA958417CBCE}.Release|Any CPU.ActiveCfg = Release|Any CPU
		{6949D3A6-9BCD-47EE-9BBC-DA958417CBCE}.Release|Any CPU.Build.0 = Release|Any CPU
		{738ADC43-7BB4-4C49-8321-FF5013381BB8}.Debug|Any CPU.ActiveCfg = Debug|Any CPU
		{738ADC43-7BB4-4C49-8321-FF5013381BB8}.Debug|Any CPU.Build.0 = Debug|Any CPU
		{738ADC43-7BB4-4C49-8321-FF5013381BB8}.Release|Any CPU.ActiveCfg = Release|Any CPU
		{738ADC43-7BB4-4C49-8321-FF5013381BB8}.Release|Any CPU.Build.0 = Release|Any CPU
		{AC67294B-D891-4229-929F-396CFF91543C}.Debug|Any CPU.ActiveCfg = Debug|Any CPU
		{AC67294B-D891-4229-929F-396CFF91543C}.Debug|Any CPU.Build.0 = Debug|Any CPU
		{AC67294B-D891-4229-929F-396CFF91543C}.Release|Any CPU.ActiveCfg = Release|Any CPU
		{AC67294B-D891-4229-929F-396CFF91543C}.Release|Any CPU.Build.0 = Release|Any CPU
		{81DE4459-0053-46EB-B2BC-6266DEA9DE17}.Debug|Any CPU.ActiveCfg = Debug|Any CPU
		{81DE4459-0053-46EB-B2BC-6266DEA9DE17}.Debug|Any CPU.Build.0 = Debug|Any CPU
		{81DE4459-0053-46EB-B2BC-6266DEA9DE17}.Release|Any CPU.ActiveCfg = Release|Any CPU
		{81DE4459-0053-46EB-B2BC-6266DEA9DE17}.Release|Any CPU.Build.0 = Release|Any CPU
		{D99EC11A-0DBC-467E-8556-E505CF678A76}.Debug|Any CPU.ActiveCfg = Debug|Any CPU
		{D99EC11A-0DBC-467E-8556-E505CF678A76}.Debug|Any CPU.Build.0 = Debug|Any CPU
		{D99EC11A-0DBC-467E-8556-E505CF678A76}.Release|Any CPU.ActiveCfg = Release|Any CPU
		{D99EC11A-0DBC-467E-8556-E505CF678A76}.Release|Any CPU.Build.0 = Release|Any CPU
		{737AFDA9-958C-4236-AED5-EAB1EEAD68EF}.Debug|Any CPU.ActiveCfg = Debug|Any CPU
		{737AFDA9-958C-4236-AED5-EAB1EEAD68EF}.Debug|Any CPU.Build.0 = Debug|Any CPU
		{737AFDA9-958C-4236-AED5-EAB1EEAD68EF}.Release|Any CPU.ActiveCfg = Release|Any CPU
		{737AFDA9-958C-4236-AED5-EAB1EEAD68EF}.Release|Any CPU.Build.0 = Release|Any CPU
		{0052AF27-E915-4DB5-90A3-0AA224803174}.Debug|Any CPU.ActiveCfg = Debug|Any CPU
		{0052AF27-E915-4DB5-90A3-0AA224803174}.Debug|Any CPU.Build.0 = Debug|Any CPU
		{0052AF27-E915-4DB5-90A3-0AA224803174}.Release|Any CPU.ActiveCfg = Release|Any CPU
		{0052AF27-E915-4DB5-90A3-0AA224803174}.Release|Any CPU.Build.0 = Release|Any CPU
		{0D18A0B6-7E89-4204-AF47-17D405378170}.Debug|Any CPU.ActiveCfg = Debug|Any CPU
		{0D18A0B6-7E89-4204-AF47-17D405378170}.Debug|Any CPU.Build.0 = Debug|Any CPU
		{0D18A0B6-7E89-4204-AF47-17D405378170}.Release|Any CPU.ActiveCfg = Release|Any CPU
		{0D18A0B6-7E89-4204-AF47-17D405378170}.Release|Any CPU.Build.0 = Release|Any CPU
		{708EEC8D-AED4-48FC-92E1-189676B1D4C9}.Debug|Any CPU.ActiveCfg = Debug|Any CPU
		{708EEC8D-AED4-48FC-92E1-189676B1D4C9}.Debug|Any CPU.Build.0 = Debug|Any CPU
		{708EEC8D-AED4-48FC-92E1-189676B1D4C9}.Release|Any CPU.ActiveCfg = Release|Any CPU
		{708EEC8D-AED4-48FC-92E1-189676B1D4C9}.Release|Any CPU.Build.0 = Release|Any CPU
		{B576CA0D-35CC-4F9D-854F-DDB04676D9F5}.Debug|Any CPU.ActiveCfg = Debug|Any CPU
		{B576CA0D-35CC-4F9D-854F-DDB04676D9F5}.Debug|Any CPU.Build.0 = Debug|Any CPU
		{B576CA0D-35CC-4F9D-854F-DDB04676D9F5}.Release|Any CPU.ActiveCfg = Release|Any CPU
		{B576CA0D-35CC-4F9D-854F-DDB04676D9F5}.Release|Any CPU.Build.0 = Release|Any CPU
		{5FC9D3D2-FDE5-4959-B25F-CACF61DA3B42}.Debug|Any CPU.ActiveCfg = Debug|Any CPU
		{5FC9D3D2-FDE5-4959-B25F-CACF61DA3B42}.Debug|Any CPU.Build.0 = Debug|Any CPU
		{5FC9D3D2-FDE5-4959-B25F-CACF61DA3B42}.Release|Any CPU.ActiveCfg = Release|Any CPU
		{5FC9D3D2-FDE5-4959-B25F-CACF61DA3B42}.Release|Any CPU.Build.0 = Release|Any CPU
		{25484319-33EF-4E1C-8068-4CAEB902DC16}.Debug|Any CPU.ActiveCfg = Debug|Any CPU
		{25484319-33EF-4E1C-8068-4CAEB902DC16}.Debug|Any CPU.Build.0 = Debug|Any CPU
		{25484319-33EF-4E1C-8068-4CAEB902DC16}.Release|Any CPU.ActiveCfg = Release|Any CPU
		{25484319-33EF-4E1C-8068-4CAEB902DC16}.Release|Any CPU.Build.0 = Release|Any CPU
		{0AABF023-E8CA-4CE2-9B03-BA92B3861BE0}.Debug|Any CPU.ActiveCfg = Debug|Any CPU
		{0AABF023-E8CA-4CE2-9B03-BA92B3861BE0}.Debug|Any CPU.Build.0 = Debug|Any CPU
		{0AABF023-E8CA-4CE2-9B03-BA92B3861BE0}.Release|Any CPU.ActiveCfg = Release|Any CPU
		{0AABF023-E8CA-4CE2-9B03-BA92B3861BE0}.Release|Any CPU.Build.0 = Release|Any CPU
		{898AA5A5-F276-4E4C-8F2E-B55392E6D795}.Debug|Any CPU.ActiveCfg = Debug|Any CPU
		{898AA5A5-F276-4E4C-8F2E-B55392E6D795}.Debug|Any CPU.Build.0 = Debug|Any CPU
		{898AA5A5-F276-4E4C-8F2E-B55392E6D795}.Release|Any CPU.ActiveCfg = Release|Any CPU
		{898AA5A5-F276-4E4C-8F2E-B55392E6D795}.Release|Any CPU.Build.0 = Release|Any CPU
		{9BA83A92-7C33-4597-9EA2-B5437075D5EA}.Debug|Any CPU.ActiveCfg = Debug|Any CPU
		{9BA83A92-7C33-4597-9EA2-B5437075D5EA}.Debug|Any CPU.Build.0 = Debug|Any CPU
		{9BA83A92-7C33-4597-9EA2-B5437075D5EA}.Release|Any CPU.ActiveCfg = Release|Any CPU
		{9BA83A92-7C33-4597-9EA2-B5437075D5EA}.Release|Any CPU.Build.0 = Release|Any CPU
		{7EA603EC-7D03-4517-907A-F928D7F18894}.Debug|Any CPU.ActiveCfg = Debug|Any CPU
		{7EA603EC-7D03-4517-907A-F928D7F18894}.Debug|Any CPU.Build.0 = Debug|Any CPU
		{7EA603EC-7D03-4517-907A-F928D7F18894}.Release|Any CPU.ActiveCfg = Release|Any CPU
		{7EA603EC-7D03-4517-907A-F928D7F18894}.Release|Any CPU.Build.0 = Release|Any CPU
		{7C69F238-501E-4BCF-A5B7-697AEDB1FE67}.Debug|Any CPU.ActiveCfg = Debug|Any CPU
		{7C69F238-501E-4BCF-A5B7-697AEDB1FE67}.Debug|Any CPU.Build.0 = Debug|Any CPU
		{7C69F238-501E-4BCF-A5B7-697AEDB1FE67}.Release|Any CPU.ActiveCfg = Release|Any CPU
		{7C69F238-501E-4BCF-A5B7-697AEDB1FE67}.Release|Any CPU.Build.0 = Release|Any CPU
		{CB55E1B3-9ECF-4667-AAC5-AF979756536F}.Debug|Any CPU.ActiveCfg = Debug|Any CPU
		{CB55E1B3-9ECF-4667-AAC5-AF979756536F}.Debug|Any CPU.Build.0 = Debug|Any CPU
		{CB55E1B3-9ECF-4667-AAC5-AF979756536F}.Release|Any CPU.ActiveCfg = Release|Any CPU
		{CB55E1B3-9ECF-4667-AAC5-AF979756536F}.Release|Any CPU.Build.0 = Release|Any CPU
		{5DCF7E5F-166B-42B5-B4CC-56C2F99A1998}.Debug|Any CPU.ActiveCfg = Debug|Any CPU
		{5DCF7E5F-166B-42B5-B4CC-56C2F99A1998}.Debug|Any CPU.Build.0 = Debug|Any CPU
		{5DCF7E5F-166B-42B5-B4CC-56C2F99A1998}.Release|Any CPU.ActiveCfg = Release|Any CPU
		{5DCF7E5F-166B-42B5-B4CC-56C2F99A1998}.Release|Any CPU.Build.0 = Release|Any CPU
		{26205118-11BD-41B5-AB16-F1375AF632DC}.Debug|Any CPU.ActiveCfg = Debug|Any CPU
		{26205118-11BD-41B5-AB16-F1375AF632DC}.Debug|Any CPU.Build.0 = Debug|Any CPU
		{26205118-11BD-41B5-AB16-F1375AF632DC}.Release|Any CPU.ActiveCfg = Release|Any CPU
		{26205118-11BD-41B5-AB16-F1375AF632DC}.Release|Any CPU.Build.0 = Release|Any CPU
		{6451947C-C2B8-4138-9F6C-3439A5F0AA07}.Debug|Any CPU.ActiveCfg = Debug|Any CPU
		{6451947C-C2B8-4138-9F6C-3439A5F0AA07}.Debug|Any CPU.Build.0 = Debug|Any CPU
		{6451947C-C2B8-4138-9F6C-3439A5F0AA07}.Release|Any CPU.ActiveCfg = Release|Any CPU
		{6451947C-C2B8-4138-9F6C-3439A5F0AA07}.Release|Any CPU.Build.0 = Release|Any CPU
	EndGlobalSection
	GlobalSection(SolutionProperties) = preSolution
		HideSolutionNode = FALSE
	EndGlobalSection
	GlobalSection(NestedProjects) = preSolution
		{5B4125FD-6BF3-47AA-82F6-6711D0D4C398} = {DD2E5152-8FD4-48BD-826D-2A71E0564FCC}
		{D693F03A-C413-4437-B27B-C22FC4A61929} = {DD2E5152-8FD4-48BD-826D-2A71E0564FCC}
		{766863C2-7882-497B-93DE-B5B0E7C7E5F8} = {5F329CBF-E2AA-420F-A9D7-0127C7E075E6}
		{9EC4CFC4-1703-4F86-B245-DDE4953F7BC4} = {766863C2-7882-497B-93DE-B5B0E7C7E5F8}
		{841942C2-2106-4C90-AD2A-8052B0931FD2} = {5F329CBF-E2AA-420F-A9D7-0127C7E075E6}
		{D02E2987-9BF9-4014-8295-DD32E8D5E3D5} = {841942C2-2106-4C90-AD2A-8052B0931FD2}
		{22C4BCC9-B446-4D79-B292-A60040E7BC40} = {5F329CBF-E2AA-420F-A9D7-0127C7E075E6}
		{62228BED-C58E-4AED-9768-DDB4D6C8BA6C} = {22C4BCC9-B446-4D79-B292-A60040E7BC40}
		{178D7AC5-4B82-48F2-84F3-41DDB2A7DF80} = {22C4BCC9-B446-4D79-B292-A60040E7BC40}
		{DA5D250A-F528-4100-93DE-4B7DC833D32A} = {2F64A0C8-F8B2-43BE-BECE-35677B0CCC3E}
		{9B9D6BA2-597A-4BFB-92FD-E58B6FD15DEE} = {EB8CA530-95BE-4FCA-BA03-E70030D990CB}
		{9EE2CC1F-C825-483F-B703-32D57DE438FF} = {EB8CA530-95BE-4FCA-BA03-E70030D990CB}
		{F6651822-B2D6-4B23-AA63-3CF03FEC13E8} = {9EE2CC1F-C825-483F-B703-32D57DE438FF}
		{A3DBA502-A9F5-49C1-8054-02C2D7C07098} = {9EE2CC1F-C825-483F-B703-32D57DE438FF}
		{96E74A2A-FFD6-490D-86D9-86097C80FD30} = {23500F09-1B08-4772-BBE3-3E7C3F0AB408}
		{DD3557B1-5121-45CE-AE2D-E5AE59A1878B} = {23500F09-1B08-4772-BBE3-3E7C3F0AB408}
		{2928E707-53D2-4E61-861F-4477F9965A60} = {DD3557B1-5121-45CE-AE2D-E5AE59A1878B}
		{FB827BBE-5C39-411F-8203-F11AF2E4BFB4} = {DD3557B1-5121-45CE-AE2D-E5AE59A1878B}
		{8158689A-937C-418B-812E-B60D20E3BA1B} = {8A8D7F7C-C544-436B-AD34-F5CAB287AF5C}
		{2B5A4D96-7C93-4C5A-AE2E-E9C76EC6FBE5} = {8158689A-937C-418B-812E-B60D20E3BA1B}
		{A3F3FB0C-D0D8-4DD7-B7B8-52B3F69E0D90} = {8158689A-937C-418B-812E-B60D20E3BA1B}
		{B2012E76-8185-4509-8531-C2F59C6C46F4} = {8158689A-937C-418B-812E-B60D20E3BA1B}
		{7A0F6D94-E2D2-45DC-B3AD-28FE49C28CAC} = {8158689A-937C-418B-812E-B60D20E3BA1B}
		{40C3EAA0-7F63-4184-8890-3FD743EB8D9F} = {54B8E573-FCF2-43B9-B15F-4D481CA7363B}
		{2B144791-2359-44FC-BB93-72891A221DC8} = {54B8E573-FCF2-43B9-B15F-4D481CA7363B}
		{7A8A9CFE-CE68-4DB7-8580-814CF1CAE633} = {2B144791-2359-44FC-BB93-72891A221DC8}
		{B5EA9CB6-899A-4112-A75C-DD1B4AF805AD} = {2B144791-2359-44FC-BB93-72891A221DC8}
		{B8070EE0-B01C-4E58-A2C6-51CA8382CA3E} = {3F923F52-D239-4B26-908B-06B930F38DF3}
		{9CFF6D0F-622A-4C61-8BEE-830A01939081} = {3F923F52-D239-4B26-908B-06B930F38DF3}
		{2BFACDC3-F44D-4199-8498-F5C3C4AC0335} = {C933F194-EB0D-4766-8814-BF23400E42E6}
		{E461C0A8-8900-485C-B520-E929BA33F712} = {C933F194-EB0D-4766-8814-BF23400E42E6}
		{01694260-4781-4ECA-B349-1C9B99363FB1} = {3F923F52-D239-4B26-908B-06B930F38DF3}
		{31B71D12-CC5C-4C5F-995C-B35248845268} = {3F923F52-D239-4B26-908B-06B930F38DF3}
		{8BCCC44E-02FF-4AD8-9ABA-632BB9BE1D7C} = {3405D687-6FE6-4805-924D-AA1CD4B5E80C}
		{E88F1D34-5693-47B7-B728-81E2F64587FA} = {2F64A0C8-F8B2-43BE-BECE-35677B0CCC3E}
		{5E9A9802-86FC-4A36-87CF-EE57C128570E} = {3405D687-6FE6-4805-924D-AA1CD4B5E80C}
		{F4812BF0-3A29-4C6C-9EB3-982BC3369C7E} = {5E9A9802-86FC-4A36-87CF-EE57C128570E}
		{A2628354-2015-4310-B221-9930C2039043} = {2F64A0C8-F8B2-43BE-BECE-35677B0CCC3E}
		{6949D3A6-9BCD-47EE-9BBC-DA958417CBCE} = {DCB40600-5547-4CA7-8990-2464A5359832}
		{3A300F06-1E65-4E46-8422-52802FDA1FA8} = {DCB40600-5547-4CA7-8990-2464A5359832}
		{738ADC43-7BB4-4C49-8321-FF5013381BB8} = {3A300F06-1E65-4E46-8422-52802FDA1FA8}
		{AC67294B-D891-4229-929F-396CFF91543C} = {DCB40600-5547-4CA7-8990-2464A5359832}
		{81DE4459-0053-46EB-B2BC-6266DEA9DE17} = {39B143BD-5372-4F2C-A60E-65BE8AAE0D4F}
		{B2623CB9-1D19-43F6-85C5-3C7B8913D0C4} = {39B143BD-5372-4F2C-A60E-65BE8AAE0D4F}
		{D99EC11A-0DBC-467E-8556-E505CF678A76} = {B2623CB9-1D19-43F6-85C5-3C7B8913D0C4}
		{737AFDA9-958C-4236-AED5-EAB1EEAD68EF} = {39B143BD-5372-4F2C-A60E-65BE8AAE0D4F}
		{0052AF27-E915-4DB5-90A3-0AA224803174} = {2F64A0C8-F8B2-43BE-BECE-35677B0CCC3E}
		{0D18A0B6-7E89-4204-AF47-17D405378170} = {0A458736-85FD-4FF6-BE86-E734B59F47E6}
		{708EEC8D-AED4-48FC-92E1-189676B1D4C9} = {2F64A0C8-F8B2-43BE-BECE-35677B0CCC3E}
		{B576CA0D-35CC-4F9D-854F-DDB04676D9F5} = {A0918D89-ECF1-434B-913E-BB2B3C4282FE}
		{30B2815F-3C97-4E68-9BBC-44C82E8CDDA6} = {A0918D89-ECF1-434B-913E-BB2B3C4282FE}
		{5FC9D3D2-FDE5-4959-B25F-CACF61DA3B42} = {30B2815F-3C97-4E68-9BBC-44C82E8CDDA6}
		{25484319-33EF-4E1C-8068-4CAEB902DC16} = {1668E5A1-895D-41F6-948E-382BCE2EE6DF}
		{0AABF023-E8CA-4CE2-9B03-BA92B3861BE0} = {1668E5A1-895D-41F6-948E-382BCE2EE6DF}
		{898AA5A5-F276-4E4C-8F2E-B55392E6D795} = {F8E032EB-1C14-4A27-B188-4A769ACE1510}
		{9BA83A92-7C33-4597-9EA2-B5437075D5EA} = {F8E032EB-1C14-4A27-B188-4A769ACE1510}
		{B44CA5A2-D0F7-42F7-B838-AE44C991E54C} = {F8E032EB-1C14-4A27-B188-4A769ACE1510}
		{7EA603EC-7D03-4517-907A-F928D7F18894} = {B44CA5A2-D0F7-42F7-B838-AE44C991E54C}
		{7C69F238-501E-4BCF-A5B7-697AEDB1FE67} = {B44CA5A2-D0F7-42F7-B838-AE44C991E54C}
		{920B42FE-9B3F-4062-AC02-000D84F5042D} = {F8E032EB-1C14-4A27-B188-4A769ACE1510}
		{CB55E1B3-9ECF-4667-AAC5-AF979756536F} = {920B42FE-9B3F-4062-AC02-000D84F5042D}
		{5DCF7E5F-166B-42B5-B4CC-56C2F99A1998} = {B44CA5A2-D0F7-42F7-B838-AE44C991E54C}
		{26205118-11BD-41B5-AB16-F1375AF632DC} = {3FF0290E-4509-4A0C-9F4A-6A14016B1958}
		{6451947C-C2B8-4138-9F6C-3439A5F0AA07} = {3FF0290E-4509-4A0C-9F4A-6A14016B1958}
	EndGlobalSection
	GlobalSection(ExtensibilityGlobals) = postSolution
		SolutionGuid = {A44D47AA-6067-4388-8A83-636FB27FF96A}
	EndGlobalSection
EndGlobal
