
Microsoft Visual Studio Solution File, Format Version 12.00
# Visual Studio Version 17
VisualStudioVersion = 17.9.34607.119
MinimumVisualStudioVersion = 10.0.40219.1
Project("{2150E333-8FDC-42A3-9474-1A3956D46DE8}") = "Chapter01", "Chapter01", "{DD2E5152-8FD4-48BD-826D-2A71E0564FCC}"
EndProject
Project("{FAE04EC0-301F-11D3-BF4B-00C04F79EFBC}") = "ProductSample", "Chapter01\ProductSample\ProductSample.csproj", "{5B4125FD-6BF3-47AA-82F6-6711D0D4C398}"
EndProject
Project("{FAE04EC0-301F-11D3-BF4B-00C04F79EFBC}") = "Sample_p38", "Chapter01\Sample_p38\Sample_p38.csproj", "{D693F03A-C413-4437-B27B-C22FC4A61929}"
EndProject
Project("{2150E333-8FDC-42A3-9474-1A3956D46DE8}") = "Chapter02", "Chapter02", "{5F329CBF-E2AA-420F-A9D7-0127C7E075E6}"
EndProject
Project("{2150E333-8FDC-42A3-9474-1A3956D46DE8}") = "距離換算プログラム", "距離換算プログラム", "{766863C2-7882-497B-93DE-B5B0E7C7E5F8}"
EndProject
Project("{FAE04EC0-301F-11D3-BF4B-00C04F79EFBC}") = "DistanceConverter", "Chapter02\DistanceConverter\DistanceConverter.csproj", "{9EC4CFC4-1703-4F86-B245-DDE4953F7BC4}"
EndProject
Project("{2150E333-8FDC-42A3-9474-1A3956D46DE8}") = "売り上げ集計プログラム", "売り上げ集計プログラム", "{841942C2-2106-4C90-AD2A-8052B0931FD2}"
EndProject
Project("{FAE04EC0-301F-11D3-BF4B-00C04F79EFBC}") = "SalesCounter", "Chapter02\SalesCounter\SalesCounter.csproj", "{D02E2987-9BF9-4014-8295-DD32E8D5E3D5}"
EndProject
Project("{2150E333-8FDC-42A3-9474-1A3956D46DE8}") = "#演習問題", "#演習問題", "{22C4BCC9-B446-4D79-B292-A60040E7BC40}"
EndProject
Project("{FAE04EC0-301F-11D3-BF4B-00C04F79EFBC}") = "Exercise1", "Chapter02\演習問題\Exercise1\Exercise1.csproj", "{62228BED-C58E-4AED-9768-DDB4D6C8BA6C}"
EndProject
Project("{FAE04EC0-301F-11D3-BF4B-00C04F79EFBC}") = "Exercize2", "Chapter02\演習問題\Exercize2\Exercize2.csproj", "{178D7AC5-4B82-48F2-84F3-41DDB2A7DF80}"
EndProject
Project("{2150E333-8FDC-42A3-9474-1A3956D46DE8}") = "FormApps", "FormApps", "{2F64A0C8-F8B2-43BE-BECE-35677B0CCC3E}"
EndProject
Project("{9A19103F-16F7-4668-BE54-9A1E7A4F7556}") = "BallApp", "FormApps\BallApp\BallApp.csproj", "{DA5D250A-F528-4100-93DE-4B7DC833D32A}"
EndProject
Project("{2150E333-8FDC-42A3-9474-1A3956D46DE8}") = "Chapter03", "Chapter03", "{EB8CA530-95BE-4FCA-BA03-E70030D990CB}"
EndProject
Project("{FAE04EC0-301F-11D3-BF4B-00C04F79EFBC}") = "Section01", "Chapter03\Section01\Section01.csproj", "{9B9D6BA2-597A-4BFB-92FD-E58B6FD15DEE}"
EndProject
Project("{2150E333-8FDC-42A3-9474-1A3956D46DE8}") = "演習問題", "演習問題", "{9EE2CC1F-C825-483F-B703-32D57DE438FF}"
EndProject
Project("{FAE04EC0-301F-11D3-BF4B-00C04F79EFBC}") = "Exercise01", "Chapter03\演習問題\Exercise01\Exercise01.csproj", "{F6651822-B2D6-4B23-AA63-3CF03FEC13E8}"
EndProject
Project("{FAE04EC0-301F-11D3-BF4B-00C04F79EFBC}") = "Exercise02", "Chapter03\演習問題\Exercise02\Exercise02.csproj", "{A3DBA502-A9F5-49C1-8054-02C2D7C07098}"
EndProject
Global
	GlobalSection(SolutionConfigurationPlatforms) = preSolution
		Debug|Any CPU = Debug|Any CPU
		Release|Any CPU = Release|Any CPU
	EndGlobalSection
	GlobalSection(ProjectConfigurationPlatforms) = postSolution
		{5B4125FD-6BF3-47AA-82F6-6711D0D4C398}.Debug|Any CPU.ActiveCfg = Debug|Any CPU
		{5B4125FD-6BF3-47AA-82F6-6711D0D4C398}.Debug|Any CPU.Build.0 = Debug|Any CPU
		{5B4125FD-6BF3-47AA-82F6-6711D0D4C398}.Release|Any CPU.ActiveCfg = Release|Any CPU
		{5B4125FD-6BF3-47AA-82F6-6711D0D4C398}.Release|Any CPU.Build.0 = Release|Any CPU
		{D693F03A-C413-4437-B27B-C22FC4A61929}.Debug|Any CPU.ActiveCfg = Debug|Any CPU
		{D693F03A-C413-4437-B27B-C22FC4A61929}.Debug|Any CPU.Build.0 = Debug|Any CPU
		{D693F03A-C413-4437-B27B-C22FC4A61929}.Release|Any CPU.ActiveCfg = Release|Any CPU
		{D693F03A-C413-4437-B27B-C22FC4A61929}.Release|Any CPU.Build.0 = Release|Any CPU
		{9EC4CFC4-1703-4F86-B245-DDE4953F7BC4}.Debug|Any CPU.ActiveCfg = Debug|Any CPU
		{9EC4CFC4-1703-4F86-B245-DDE4953F7BC4}.Debug|Any CPU.Build.0 = Debug|Any CPU
		{9EC4CFC4-1703-4F86-B245-DDE4953F7BC4}.Release|Any CPU.ActiveCfg = Release|Any CPU
		{9EC4CFC4-1703-4F86-B245-DDE4953F7BC4}.Release|Any CPU.Build.0 = Release|Any CPU
		{D02E2987-9BF9-4014-8295-DD32E8D5E3D5}.Debug|Any CPU.ActiveCfg = Debug|Any CPU
		{D02E2987-9BF9-4014-8295-DD32E8D5E3D5}.Debug|Any CPU.Build.0 = Debug|Any CPU
		{D02E2987-9BF9-4014-8295-DD32E8D5E3D5}.Release|Any CPU.ActiveCfg = Release|Any CPU
		{D02E2987-9BF9-4014-8295-DD32E8D5E3D5}.Release|Any CPU.Build.0 = Release|Any CPU
		{62228BED-C58E-4AED-9768-DDB4D6C8BA6C}.Debug|Any CPU.ActiveCfg = Debug|Any CPU
		{62228BED-C58E-4AED-9768-DDB4D6C8BA6C}.Debug|Any CPU.Build.0 = Debug|Any CPU
		{62228BED-C58E-4AED-9768-DDB4D6C8BA6C}.Release|Any CPU.ActiveCfg = Release|Any CPU
		{62228BED-C58E-4AED-9768-DDB4D6C8BA6C}.Release|Any CPU.Build.0 = Release|Any CPU
		{178D7AC5-4B82-48F2-84F3-41DDB2A7DF80}.Debug|Any CPU.ActiveCfg = Debug|Any CPU
		{178D7AC5-4B82-48F2-84F3-41DDB2A7DF80}.Debug|Any CPU.Build.0 = Debug|Any CPU
		{178D7AC5-4B82-48F2-84F3-41DDB2A7DF80}.Release|Any CPU.ActiveCfg = Release|Any CPU
		{178D7AC5-4B82-48F2-84F3-41DDB2A7DF80}.Release|Any CPU.Build.0 = Release|Any CPU
		{DA5D250A-F528-4100-93DE-4B7DC833D32A}.Debug|Any CPU.ActiveCfg = Debug|Any CPU
		{DA5D250A-F528-4100-93DE-4B7DC833D32A}.Debug|Any CPU.Build.0 = Debug|Any CPU
		{DA5D250A-F528-4100-93DE-4B7DC833D32A}.Release|Any CPU.ActiveCfg = Release|Any CPU
		{DA5D250A-F528-4100-93DE-4B7DC833D32A}.Release|Any CPU.Build.0 = Release|Any CPU
		{9B9D6BA2-597A-4BFB-92FD-E58B6FD15DEE}.Debug|Any CPU.ActiveCfg = Debug|Any CPU
		{9B9D6BA2-597A-4BFB-92FD-E58B6FD15DEE}.Debug|Any CPU.Build.0 = Debug|Any CPU
		{9B9D6BA2-597A-4BFB-92FD-E58B6FD15DEE}.Release|Any CPU.ActiveCfg = Release|Any CPU
		{9B9D6BA2-597A-4BFB-92FD-E58B6FD15DEE}.Release|Any CPU.Build.0 = Release|Any CPU
		{F6651822-B2D6-4B23-AA63-3CF03FEC13E8}.Debug|Any CPU.ActiveCfg = Debug|Any CPU
		{F6651822-B2D6-4B23-AA63-3CF03FEC13E8}.Debug|Any CPU.Build.0 = Debug|Any CPU
		{F6651822-B2D6-4B23-AA63-3CF03FEC13E8}.Release|Any CPU.ActiveCfg = Release|Any CPU
		{F6651822-B2D6-4B23-AA63-3CF03FEC13E8}.Release|Any CPU.Build.0 = Release|Any CPU
		{A3DBA502-A9F5-49C1-8054-02C2D7C07098}.Debug|Any CPU.ActiveCfg = Debug|Any CPU
		{A3DBA502-A9F5-49C1-8054-02C2D7C07098}.Debug|Any CPU.Build.0 = Debug|Any CPU
		{A3DBA502-A9F5-49C1-8054-02C2D7C07098}.Release|Any CPU.ActiveCfg = Release|Any CPU
		{A3DBA502-A9F5-49C1-8054-02C2D7C07098}.Release|Any CPU.Build.0 = Release|Any CPU
	EndGlobalSection
	GlobalSection(SolutionProperties) = preSolution
		HideSolutionNode = FALSE
	EndGlobalSection
	GlobalSection(NestedProjects) = preSolution
		{5B4125FD-6BF3-47AA-82F6-6711D0D4C398} = {DD2E5152-8FD4-48BD-826D-2A71E0564FCC}
		{D693F03A-C413-4437-B27B-C22FC4A61929} = {DD2E5152-8FD4-48BD-826D-2A71E0564FCC}
		{766863C2-7882-497B-93DE-B5B0E7C7E5F8} = {5F329CBF-E2AA-420F-A9D7-0127C7E075E6}
		{9EC4CFC4-1703-4F86-B245-DDE4953F7BC4} = {766863C2-7882-497B-93DE-B5B0E7C7E5F8}
		{841942C2-2106-4C90-AD2A-8052B0931FD2} = {5F329CBF-E2AA-420F-A9D7-0127C7E075E6}
		{D02E2987-9BF9-4014-8295-DD32E8D5E3D5} = {841942C2-2106-4C90-AD2A-8052B0931FD2}
		{22C4BCC9-B446-4D79-B292-A60040E7BC40} = {5F329CBF-E2AA-420F-A9D7-0127C7E075E6}
		{62228BED-C58E-4AED-9768-DDB4D6C8BA6C} = {22C4BCC9-B446-4D79-B292-A60040E7BC40}
		{178D7AC5-4B82-48F2-84F3-41DDB2A7DF80} = {22C4BCC9-B446-4D79-B292-A60040E7BC40}
		{DA5D250A-F528-4100-93DE-4B7DC833D32A} = {2F64A0C8-F8B2-43BE-BECE-35677B0CCC3E}
		{9B9D6BA2-597A-4BFB-92FD-E58B6FD15DEE} = {EB8CA530-95BE-4FCA-BA03-E70030D990CB}
		{9EE2CC1F-C825-483F-B703-32D57DE438FF} = {EB8CA530-95BE-4FCA-BA03-E70030D990CB}
		{F6651822-B2D6-4B23-AA63-3CF03FEC13E8} = {9EE2CC1F-C825-483F-B703-32D57DE438FF}
		{A3DBA502-A9F5-49C1-8054-02C2D7C07098} = {9EE2CC1F-C825-483F-B703-32D57DE438FF}
	EndGlobalSection
	GlobalSection(ExtensibilityGlobals) = postSolution
		SolutionGuid = {A44D47AA-6067-4388-8A83-636FB27FF96A}
	EndGlobalSection
EndGlobal
